
Microsoft Visual Studio Solution File, Format Version 12.00
# Visual Studio Version 17
VisualStudioVersion = 17.11.35303.130
MinimumVisualStudioVersion = 10.0.40219.1
Project("{8BC9CEB8-8B4A-11D0-8D11-00A0C91BC942}") = "lab 6.4 iter", "lab 6.4 iter.vcxproj", "{707E9773-8F76-4B8D-80E7-A597C0F4A650}"
EndProject
Project("{8BC9CEB8-8B4A-11D0-8D11-00A0C91BC942}") = "UnitTest14", "..\UnitTest14\UnitTest14.vcxproj", "{09A140CF-2FB1-44C0-9DE1-51F1F85652DB}"
EndProject
Global
	GlobalSection(SolutionConfigurationPlatforms) = preSolution
		Debug|x64 = Debug|x64
		Debug|x86 = Debug|x86
		Release|x64 = Release|x64
		Release|x86 = Release|x86
	EndGlobalSection
	GlobalSection(ProjectConfigurationPlatforms) = postSolution
		{707E9773-8F76-4B8D-80E7-A597C0F4A650}.Debug|x64.ActiveCfg = Debug|x64
		{707E9773-8F76-4B8D-80E7-A597C0F4A650}.Debug|x64.Build.0 = Debug|x64
		{707E9773-8F76-4B8D-80E7-A597C0F4A650}.Debug|x86.ActiveCfg = Debug|Win32
		{707E9773-8F76-4B8D-80E7-A597C0F4A650}.Debug|x86.Build.0 = Debug|Win32
		{707E9773-8F76-4B8D-80E7-A597C0F4A650}.Release|x64.ActiveCfg = Release|x64
		{707E9773-8F76-4B8D-80E7-A597C0F4A650}.Release|x64.Build.0 = Release|x64
		{707E9773-8F76-4B8D-80E7-A597C0F4A650}.Release|x86.ActiveCfg = Release|Win32
		{707E9773-8F76-4B8D-80E7-A597C0F4A650}.Release|x86.Build.0 = Release|Win32
		{09A140CF-2FB1-44C0-9DE1-51F1F85652DB}.Debug|x64.ActiveCfg = Debug|x64
		{09A140CF-2FB1-44C0-9DE1-51F1F85652DB}.Debug|x64.Build.0 = Debug|x64
		{09A140CF-2FB1-44C0-9DE1-51F1F85652DB}.Debug|x86.ActiveCfg = Debug|Win32
		{09A140CF-2FB1-44C0-9DE1-51F1F85652DB}.Debug|x86.Build.0 = Debug|Win32
		{09A140CF-2FB1-44C0-9DE1-51F1F85652DB}.Release|x64.ActiveCfg = Release|x64
		{09A140CF-2FB1-44C0-9DE1-51F1F85652DB}.Release|x64.Build.0 = Release|x64
		{09A140CF-2FB1-44C0-9DE1-51F1F85652DB}.Release|x86.ActiveCfg = Release|Win32
		{09A140CF-2FB1-44C0-9DE1-51F1F85652DB}.Release|x86.Build.0 = Release|Win32
	EndGlobalSection
	GlobalSection(SolutionProperties) = preSolution
		HideSolutionNode = FALSE
	EndGlobalSection
	GlobalSection(ExtensibilityGlobals) = postSolution
		SolutionGuid = {976CD03D-BBA8-4715-91D6-BB2E300B7FE4}
	EndGlobalSection
EndGlobal
